// !$*UTF8*$!
{
	archiveVersion = 1;
	classes = {
	};
	objectVersion = 46;
	objects = {

/* Begin PBXBuildFile section */
		8D1082241E5CFF1A00F94393 /* AppDelegate.swift in Sources */ = {isa = PBXBuildFile; fileRef = 8D1082231E5CFF1A00F94393 /* AppDelegate.swift */; };
		8D1082291E5CFF1A00F94393 /* Main.storyboard in Resources */ = {isa = PBXBuildFile; fileRef = 8D1082271E5CFF1A00F94393 /* Main.storyboard */; };
		8D10822B1E5CFF1A00F94393 /* Assets.xcassets in Resources */ = {isa = PBXBuildFile; fileRef = 8D10822A1E5CFF1A00F94393 /* Assets.xcassets */; };
		8D10822E1E5CFF1A00F94393 /* LaunchScreen.storyboard in Resources */ = {isa = PBXBuildFile; fileRef = 8D10822C1E5CFF1A00F94393 /* LaunchScreen.storyboard */; };
		8D1082391E5CFF1A00F94393 /* Find_ItTests.swift in Sources */ = {isa = PBXBuildFile; fileRef = 8D1082381E5CFF1A00F94393 /* Find_ItTests.swift */; };
		8D1082441E5CFF1A00F94393 /* Find_ItUITests.swift in Sources */ = {isa = PBXBuildFile; fileRef = 8D1082431E5CFF1A00F94393 /* Find_ItUITests.swift */; };
		8D1082541E5D0A7500F94393 /* MainViewController.swift in Sources */ = {isa = PBXBuildFile; fileRef = 8D1082531E5D0A7500F94393 /* MainViewController.swift */; };
		8D1082561E5D0A8200F94393 /* AuthenticateViewController.swift in Sources */ = {isa = PBXBuildFile; fileRef = 8D1082551E5D0A8200F94393 /* AuthenticateViewController.swift */; };
		8D1082581E5D0A9100F94393 /* MyTagsViewController.swift in Sources */ = {isa = PBXBuildFile; fileRef = 8D1082571E5D0A9100F94393 /* MyTagsViewController.swift */; };
		8D10825A1E5D0AA100F94393 /* ReportsViewController.swift in Sources */ = {isa = PBXBuildFile; fileRef = 8D1082591E5D0AA100F94393 /* ReportsViewController.swift */; };
		8D6477AF1E6E4E3C00341FD4 /* SettingsViewController.swift in Sources */ = {isa = PBXBuildFile; fileRef = 8D6477AE1E6E4E3C00341FD4 /* SettingsViewController.swift */; };
		8D6477B51E6E4F1800341FD4 /* AddTagViewController.swift in Sources */ = {isa = PBXBuildFile; fileRef = 8D6477B41E6E4F1800341FD4 /* AddTagViewController.swift */; };
		8D6477B81E6E4F2A00341FD4 /* Utilities.swift in Sources */ = {isa = PBXBuildFile; fileRef = 8D6477B61E6E4F2A00341FD4 /* Utilities.swift */; };
		8D6477B91E6E4F2A00341FD4 /* Constants.swift in Sources */ = {isa = PBXBuildFile; fileRef = 8D6477B71E6E4F2A00341FD4 /* Constants.swift */; };
		8D6477BB1E6E4F3500341FD4 /* ConfirmAddTagViewController.swift in Sources */ = {isa = PBXBuildFile; fileRef = 8D6477BA1E6E4F3500341FD4 /* ConfirmAddTagViewController.swift */; };
		8D6477C11E6F861F00341FD4 /* DataService.swift in Sources */ = {isa = PBXBuildFile; fileRef = 8D6477C01E6F861F00341FD4 /* DataService.swift */; };
		8D6477C31E6F9B9A00341FD4 /* GoogleService-Info.plist in Resources */ = {isa = PBXBuildFile; fileRef = 8D6477C21E6F9B9A00341FD4 /* GoogleService-Info.plist */; };
		8D7531471E786B7700984419 /* BasicInformationViewController.swift in Sources */ = {isa = PBXBuildFile; fileRef = 8D7531461E786B7700984419 /* BasicInformationViewController.swift */; };
		8D7531491E786B8200984419 /* AddressViewController.swift in Sources */ = {isa = PBXBuildFile; fileRef = 8D7531481E786B8200984419 /* AddressViewController.swift */; };
		8D75314B1E79B53B00984419 /* TagCustomTableViewCell.swift in Sources */ = {isa = PBXBuildFile; fileRef = 8D75314A1E79B53B00984419 /* TagCustomTableViewCell.swift */; };
		8D75314D1E7A3A3D00984419 /* TagDetailViewController.swift in Sources */ = {isa = PBXBuildFile; fileRef = 8D75314C1E7A3A3C00984419 /* TagDetailViewController.swift */; };
		8D861A151E5E751E00BCD646 /* TutorialViewController.swift in Sources */ = {isa = PBXBuildFile; fileRef = 8D861A141E5E751E00BCD646 /* TutorialViewController.swift */; };
		9A1F6E694DBBC3489B614E99 /* Pods_Find_ItUITests.framework in Frameworks */ = {isa = PBXBuildFile; fileRef = A7DF1677DEAA825B4D2CD401 /* Pods_Find_ItUITests.framework */; };
		BA9CCABB9044E14267FE17F7 /* Pods_Find_It.framework in Frameworks */ = {isa = PBXBuildFile; fileRef = 655EF729B04EB450B5922FDD /* Pods_Find_It.framework */; };
		E2683AB21CC555B144052BE6 /* Pods_Find_ItTests.framework in Frameworks */ = {isa = PBXBuildFile; fileRef = 05ED98A52B097C0D5F33D8F4 /* Pods_Find_ItTests.framework */; };
/* End PBXBuildFile section */

/* Begin PBXContainerItemProxy section */
		8D1082351E5CFF1A00F94393 /* PBXContainerItemProxy */ = {
			isa = PBXContainerItemProxy;
			containerPortal = 8D1082181E5CFF1A00F94393 /* Project object */;
			proxyType = 1;
			remoteGlobalIDString = 8D10821F1E5CFF1A00F94393;
			remoteInfo = "Find It";
		};
		8D1082401E5CFF1A00F94393 /* PBXContainerItemProxy */ = {
			isa = PBXContainerItemProxy;
			containerPortal = 8D1082181E5CFF1A00F94393 /* Project object */;
			proxyType = 1;
			remoteGlobalIDString = 8D10821F1E5CFF1A00F94393;
			remoteInfo = "Find It";
		};
/* End PBXContainerItemProxy section */

/* Begin PBXFileReference section */
		05ED98A52B097C0D5F33D8F4 /* Pods_Find_ItTests.framework */ = {isa = PBXFileReference; explicitFileType = wrapper.framework; includeInIndex = 0; path = Pods_Find_ItTests.framework; sourceTree = BUILT_PRODUCTS_DIR; };
		08D8FC28D01B680E7FF1DA32 /* Pods-Find ItUITests.release.xcconfig */ = {isa = PBXFileReference; includeInIndex = 1; lastKnownFileType = text.xcconfig; name = "Pods-Find ItUITests.release.xcconfig"; path = "Pods/Target Support Files/Pods-Find ItUITests/Pods-Find ItUITests.release.xcconfig"; sourceTree = "<group>"; };
		477F1381E68087DFACEBDACB /* Pods-Find ItTests.release.xcconfig */ = {isa = PBXFileReference; includeInIndex = 1; lastKnownFileType = text.xcconfig; name = "Pods-Find ItTests.release.xcconfig"; path = "Pods/Target Support Files/Pods-Find ItTests/Pods-Find ItTests.release.xcconfig"; sourceTree = "<group>"; };
		486F12CF1DC7ED294519D454 /* Pods-Find It.release.xcconfig */ = {isa = PBXFileReference; includeInIndex = 1; lastKnownFileType = text.xcconfig; name = "Pods-Find It.release.xcconfig"; path = "Pods/Target Support Files/Pods-Find It/Pods-Find It.release.xcconfig"; sourceTree = "<group>"; };
		51BE6E3FB5F68DB2F86D5883 /* Pods-Find It.debug.xcconfig */ = {isa = PBXFileReference; includeInIndex = 1; lastKnownFileType = text.xcconfig; name = "Pods-Find It.debug.xcconfig"; path = "Pods/Target Support Files/Pods-Find It/Pods-Find It.debug.xcconfig"; sourceTree = "<group>"; };
		655EF729B04EB450B5922FDD /* Pods_Find_It.framework */ = {isa = PBXFileReference; explicitFileType = wrapper.framework; includeInIndex = 0; path = Pods_Find_It.framework; sourceTree = BUILT_PRODUCTS_DIR; };
		8D1082201E5CFF1A00F94393 /* Find It.app */ = {isa = PBXFileReference; explicitFileType = wrapper.application; includeInIndex = 0; path = "Find It.app"; sourceTree = BUILT_PRODUCTS_DIR; };
		8D1082231E5CFF1A00F94393 /* AppDelegate.swift */ = {isa = PBXFileReference; lastKnownFileType = sourcecode.swift; path = AppDelegate.swift; sourceTree = "<group>"; };
		8D1082281E5CFF1A00F94393 /* Base */ = {isa = PBXFileReference; lastKnownFileType = file.storyboard; name = Base; path = Base.lproj/Main.storyboard; sourceTree = "<group>"; };
		8D10822A1E5CFF1A00F94393 /* Assets.xcassets */ = {isa = PBXFileReference; lastKnownFileType = folder.assetcatalog; path = Assets.xcassets; sourceTree = "<group>"; };
		8D10822D1E5CFF1A00F94393 /* Base */ = {isa = PBXFileReference; lastKnownFileType = file.storyboard; name = Base; path = Base.lproj/LaunchScreen.storyboard; sourceTree = "<group>"; };
		8D10822F1E5CFF1A00F94393 /* Info.plist */ = {isa = PBXFileReference; lastKnownFileType = text.plist.xml; path = Info.plist; sourceTree = "<group>"; };
		8D1082341E5CFF1A00F94393 /* Find ItTests.xctest */ = {isa = PBXFileReference; explicitFileType = wrapper.cfbundle; includeInIndex = 0; path = "Find ItTests.xctest"; sourceTree = BUILT_PRODUCTS_DIR; };
		8D1082381E5CFF1A00F94393 /* Find_ItTests.swift */ = {isa = PBXFileReference; lastKnownFileType = sourcecode.swift; path = Find_ItTests.swift; sourceTree = "<group>"; };
		8D10823A1E5CFF1A00F94393 /* Info.plist */ = {isa = PBXFileReference; lastKnownFileType = text.plist.xml; path = Info.plist; sourceTree = "<group>"; };
		8D10823F1E5CFF1A00F94393 /* Find ItUITests.xctest */ = {isa = PBXFileReference; explicitFileType = wrapper.cfbundle; includeInIndex = 0; path = "Find ItUITests.xctest"; sourceTree = BUILT_PRODUCTS_DIR; };
		8D1082431E5CFF1A00F94393 /* Find_ItUITests.swift */ = {isa = PBXFileReference; lastKnownFileType = sourcecode.swift; path = Find_ItUITests.swift; sourceTree = "<group>"; };
		8D1082451E5CFF1A00F94393 /* Info.plist */ = {isa = PBXFileReference; lastKnownFileType = text.plist.xml; path = Info.plist; sourceTree = "<group>"; };
		8D1082531E5D0A7500F94393 /* MainViewController.swift */ = {isa = PBXFileReference; fileEncoding = 4; lastKnownFileType = sourcecode.swift; path = MainViewController.swift; sourceTree = "<group>"; };
		8D1082551E5D0A8200F94393 /* AuthenticateViewController.swift */ = {isa = PBXFileReference; fileEncoding = 4; lastKnownFileType = sourcecode.swift; path = AuthenticateViewController.swift; sourceTree = "<group>"; };
		8D1082571E5D0A9100F94393 /* MyTagsViewController.swift */ = {isa = PBXFileReference; fileEncoding = 4; lastKnownFileType = sourcecode.swift; path = MyTagsViewController.swift; sourceTree = "<group>"; };
		8D1082591E5D0AA100F94393 /* ReportsViewController.swift */ = {isa = PBXFileReference; fileEncoding = 4; lastKnownFileType = sourcecode.swift; path = ReportsViewController.swift; sourceTree = "<group>"; };
		8D6477AE1E6E4E3C00341FD4 /* SettingsViewController.swift */ = {isa = PBXFileReference; fileEncoding = 4; lastKnownFileType = sourcecode.swift; path = SettingsViewController.swift; sourceTree = "<group>"; };
		8D6477B41E6E4F1800341FD4 /* AddTagViewController.swift */ = {isa = PBXFileReference; fileEncoding = 4; lastKnownFileType = sourcecode.swift; path = AddTagViewController.swift; sourceTree = "<group>"; };
		8D6477B61E6E4F2A00341FD4 /* Utilities.swift */ = {isa = PBXFileReference; fileEncoding = 4; lastKnownFileType = sourcecode.swift; path = Utilities.swift; sourceTree = "<group>"; };
		8D6477B71E6E4F2A00341FD4 /* Constants.swift */ = {isa = PBXFileReference; fileEncoding = 4; lastKnownFileType = sourcecode.swift; path = Constants.swift; sourceTree = "<group>"; };
		8D6477BA1E6E4F3500341FD4 /* ConfirmAddTagViewController.swift */ = {isa = PBXFileReference; fileEncoding = 4; lastKnownFileType = sourcecode.swift; path = ConfirmAddTagViewController.swift; sourceTree = "<group>"; };
		8D6477C01E6F861F00341FD4 /* DataService.swift */ = {isa = PBXFileReference; fileEncoding = 4; lastKnownFileType = sourcecode.swift; path = DataService.swift; sourceTree = "<group>"; };
		8D6477C21E6F9B9A00341FD4 /* GoogleService-Info.plist */ = {isa = PBXFileReference; fileEncoding = 4; lastKnownFileType = text.plist.xml; path = "GoogleService-Info.plist"; sourceTree = "<group>"; };
		8D7531461E786B7700984419 /* BasicInformationViewController.swift */ = {isa = PBXFileReference; fileEncoding = 4; lastKnownFileType = sourcecode.swift; path = BasicInformationViewController.swift; sourceTree = "<group>"; };
		8D7531481E786B8200984419 /* AddressViewController.swift */ = {isa = PBXFileReference; fileEncoding = 4; lastKnownFileType = sourcecode.swift; path = AddressViewController.swift; sourceTree = "<group>"; };
		8D75314A1E79B53B00984419 /* TagCustomTableViewCell.swift */ = {isa = PBXFileReference; fileEncoding = 4; lastKnownFileType = sourcecode.swift; path = TagCustomTableViewCell.swift; sourceTree = "<group>"; };
		8D75314C1E7A3A3C00984419 /* TagDetailViewController.swift */ = {isa = PBXFileReference; fileEncoding = 4; lastKnownFileType = sourcecode.swift; path = TagDetailViewController.swift; sourceTree = "<group>"; };
		8D861A141E5E751E00BCD646 /* TutorialViewController.swift */ = {isa = PBXFileReference; fileEncoding = 4; lastKnownFileType = sourcecode.swift; path = TutorialViewController.swift; sourceTree = "<group>"; };
		8F1EA53A4AF68DE579A2E82E /* Pods-Find ItTests.debug.xcconfig */ = {isa = PBXFileReference; includeInIndex = 1; lastKnownFileType = text.xcconfig; name = "Pods-Find ItTests.debug.xcconfig"; path = "Pods/Target Support Files/Pods-Find ItTests/Pods-Find ItTests.debug.xcconfig"; sourceTree = "<group>"; };
		A7DF1677DEAA825B4D2CD401 /* Pods_Find_ItUITests.framework */ = {isa = PBXFileReference; explicitFileType = wrapper.framework; includeInIndex = 0; path = Pods_Find_ItUITests.framework; sourceTree = BUILT_PRODUCTS_DIR; };
		F56F3BC00BF2E01FE078DBF1 /* Pods-Find ItUITests.debug.xcconfig */ = {isa = PBXFileReference; includeInIndex = 1; lastKnownFileType = text.xcconfig; name = "Pods-Find ItUITests.debug.xcconfig"; path = "Pods/Target Support Files/Pods-Find ItUITests/Pods-Find ItUITests.debug.xcconfig"; sourceTree = "<group>"; };
/* End PBXFileReference section */

/* Begin PBXFrameworksBuildPhase section */
		8D10821D1E5CFF1A00F94393 /* Frameworks */ = {
			isa = PBXFrameworksBuildPhase;
			buildActionMask = 2147483647;
			files = (
				BA9CCABB9044E14267FE17F7 /* Pods_Find_It.framework in Frameworks */,
			);
			runOnlyForDeploymentPostprocessing = 0;
		};
		8D1082311E5CFF1A00F94393 /* Frameworks */ = {
			isa = PBXFrameworksBuildPhase;
			buildActionMask = 2147483647;
			files = (
				E2683AB21CC555B144052BE6 /* Pods_Find_ItTests.framework in Frameworks */,
			);
			runOnlyForDeploymentPostprocessing = 0;
		};
		8D10823C1E5CFF1A00F94393 /* Frameworks */ = {
			isa = PBXFrameworksBuildPhase;
			buildActionMask = 2147483647;
			files = (
				9A1F6E694DBBC3489B614E99 /* Pods_Find_ItUITests.framework in Frameworks */,
			);
			runOnlyForDeploymentPostprocessing = 0;
		};
/* End PBXFrameworksBuildPhase section */

/* Begin PBXGroup section */
		269E066A97C2A4159B5200C6 /* Pods */ = {
			isa = PBXGroup;
			children = (
				51BE6E3FB5F68DB2F86D5883 /* Pods-Find It.debug.xcconfig */,
				486F12CF1DC7ED294519D454 /* Pods-Find It.release.xcconfig */,
				8F1EA53A4AF68DE579A2E82E /* Pods-Find ItTests.debug.xcconfig */,
				477F1381E68087DFACEBDACB /* Pods-Find ItTests.release.xcconfig */,
				F56F3BC00BF2E01FE078DBF1 /* Pods-Find ItUITests.debug.xcconfig */,
				08D8FC28D01B680E7FF1DA32 /* Pods-Find ItUITests.release.xcconfig */,
			);
			name = Pods;
			sourceTree = "<group>";
		};
		8D1082171E5CFF1A00F94393 = {
			isa = PBXGroup;
			children = (
				8D1082221E5CFF1A00F94393 /* Find It */,
				8D1082371E5CFF1A00F94393 /* Find ItTests */,
				8D1082421E5CFF1A00F94393 /* Find ItUITests */,
				8D1082211E5CFF1A00F94393 /* Products */,
				269E066A97C2A4159B5200C6 /* Pods */,
				8F924158230BD3BB719357BD /* Frameworks */,
			);
			sourceTree = "<group>";
		};
		8D1082211E5CFF1A00F94393 /* Products */ = {
			isa = PBXGroup;
			children = (
				8D1082201E5CFF1A00F94393 /* Find It.app */,
				8D1082341E5CFF1A00F94393 /* Find ItTests.xctest */,
				8D10823F1E5CFF1A00F94393 /* Find ItUITests.xctest */,
			);
			name = Products;
			sourceTree = "<group>";
		};
		8D1082221E5CFF1A00F94393 /* Find It */ = {
			isa = PBXGroup;
			children = (
				8D1082231E5CFF1A00F94393 /* AppDelegate.swift */,
				8D6477BC1E6E502400341FD4 /* Introduction */,
				8D6477BD1E6E503E00341FD4 /* Models */,
				8D6477BE1E6E505800341FD4 /* My Tags */,
				8D6477BF1E6E557800341FD4 /* Reports */,
				8D1082271E5CFF1A00F94393 /* Main.storyboard */,
				8D10822A1E5CFF1A00F94393 /* Assets.xcassets */,
				8D10822C1E5CFF1A00F94393 /* LaunchScreen.storyboard */,
				8D10822F1E5CFF1A00F94393 /* Info.plist */,
				8D6477C21E6F9B9A00341FD4 /* GoogleService-Info.plist */,
			);
			path = "Find It";
			sourceTree = "<group>";
		};
		8D1082371E5CFF1A00F94393 /* Find ItTests */ = {
			isa = PBXGroup;
			children = (
				8D1082381E5CFF1A00F94393 /* Find_ItTests.swift */,
				8D10823A1E5CFF1A00F94393 /* Info.plist */,
			);
			path = "Find ItTests";
			sourceTree = "<group>";
		};
		8D1082421E5CFF1A00F94393 /* Find ItUITests */ = {
			isa = PBXGroup;
			children = (
				8D1082431E5CFF1A00F94393 /* Find_ItUITests.swift */,
				8D1082451E5CFF1A00F94393 /* Info.plist */,
			);
			path = "Find ItUITests";
			sourceTree = "<group>";
		};
		8D6477BC1E6E502400341FD4 /* Introduction */ = {
			isa = PBXGroup;
			children = (
				8D861A141E5E751E00BCD646 /* TutorialViewController.swift */,
				8D1082531E5D0A7500F94393 /* MainViewController.swift */,
				8D1082551E5D0A8200F94393 /* AuthenticateViewController.swift */,
				8D7531461E786B7700984419 /* BasicInformationViewController.swift */,
				8D7531481E786B8200984419 /* AddressViewController.swift */,
			);
			name = Introduction;
			sourceTree = "<group>";
		};
		8D6477BD1E6E503E00341FD4 /* Models */ = {
			isa = PBXGroup;
			children = (
				8D6477B61E6E4F2A00341FD4 /* Utilities.swift */,
				8D6477C01E6F861F00341FD4 /* DataService.swift */,
				8D6477B71E6E4F2A00341FD4 /* Constants.swift */,
				8D75314A1E79B53B00984419 /* TagCustomTableViewCell.swift */,
			);
			name = Models;
			sourceTree = "<group>";
		};
		8D6477BE1E6E505800341FD4 /* My Tags */ = {
			isa = PBXGroup;
			children = (
				8D1082571E5D0A9100F94393 /* MyTagsViewController.swift */,
				8D6477B41E6E4F1800341FD4 /* AddTagViewController.swift */,
				8D6477BA1E6E4F3500341FD4 /* ConfirmAddTagViewController.swift */,
				8D6477AE1E6E4E3C00341FD4 /* SettingsViewController.swift */,
				8D75314C1E7A3A3C00984419 /* TagDetailViewController.swift */,
			);
			name = "My Tags";
			sourceTree = "<group>";
		};
		8D6477BF1E6E557800341FD4 /* Reports */ = {
			isa = PBXGroup;
			children = (
				8D1082591E5D0AA100F94393 /* ReportsViewController.swift */,
			);
			name = Reports;
			sourceTree = "<group>";
		};
		8F924158230BD3BB719357BD /* Frameworks */ = {
			isa = PBXGroup;
			children = (
				655EF729B04EB450B5922FDD /* Pods_Find_It.framework */,
				05ED98A52B097C0D5F33D8F4 /* Pods_Find_ItTests.framework */,
				A7DF1677DEAA825B4D2CD401 /* Pods_Find_ItUITests.framework */,
			);
			name = Frameworks;
			sourceTree = "<group>";
		};
/* End PBXGroup section */

/* Begin PBXNativeTarget section */
		8D10821F1E5CFF1A00F94393 /* Find It */ = {
			isa = PBXNativeTarget;
			buildConfigurationList = 8D1082481E5CFF1A00F94393 /* Build configuration list for PBXNativeTarget "Find It" */;
			buildPhases = (
				FF143B249042EA0A0D012C02 /* [CP] Check Pods Manifest.lock */,
				8D10821C1E5CFF1A00F94393 /* Sources */,
				8D10821D1E5CFF1A00F94393 /* Frameworks */,
				8D10821E1E5CFF1A00F94393 /* Resources */,
				B10942ABC43AC75212282E5A /* [CP] Embed Pods Frameworks */,
				AC1E30D338453FB2CC6376B1 /* [CP] Copy Pods Resources */,
			);
			buildRules = (
			);
			dependencies = (
			);
			name = "Find It";
			productName = "Find It";
			productReference = 8D1082201E5CFF1A00F94393 /* Find It.app */;
			productType = "com.apple.product-type.application";
		};
		8D1082331E5CFF1A00F94393 /* Find ItTests */ = {
			isa = PBXNativeTarget;
			buildConfigurationList = 8D10824B1E5CFF1A00F94393 /* Build configuration list for PBXNativeTarget "Find ItTests" */;
			buildPhases = (
				42BB1AB1909FE12C64E5AF97 /* [CP] Check Pods Manifest.lock */,
				8D1082301E5CFF1A00F94393 /* Sources */,
				8D1082311E5CFF1A00F94393 /* Frameworks */,
				8D1082321E5CFF1A00F94393 /* Resources */,
				109A6D958A79D9983DF105B6 /* [CP] Embed Pods Frameworks */,
				A5C275AE34FE1A79E00B2A39 /* [CP] Copy Pods Resources */,
			);
			buildRules = (
			);
			dependencies = (
				8D1082361E5CFF1A00F94393 /* PBXTargetDependency */,
			);
			name = "Find ItTests";
			productName = "Find ItTests";
			productReference = 8D1082341E5CFF1A00F94393 /* Find ItTests.xctest */;
			productType = "com.apple.product-type.bundle.unit-test";
		};
		8D10823E1E5CFF1A00F94393 /* Find ItUITests */ = {
			isa = PBXNativeTarget;
			buildConfigurationList = 8D10824E1E5CFF1A00F94393 /* Build configuration list for PBXNativeTarget "Find ItUITests" */;
			buildPhases = (
				BBEF59B39D4936A9D05C6842 /* [CP] Check Pods Manifest.lock */,
				8D10823B1E5CFF1A00F94393 /* Sources */,
				8D10823C1E5CFF1A00F94393 /* Frameworks */,
				8D10823D1E5CFF1A00F94393 /* Resources */,
				4431FC88806B4652AE5EA88C /* [CP] Embed Pods Frameworks */,
				E95CF4FB4C7317222DC0B73B /* [CP] Copy Pods Resources */,
			);
			buildRules = (
			);
			dependencies = (
				8D1082411E5CFF1A00F94393 /* PBXTargetDependency */,
			);
			name = "Find ItUITests";
			productName = "Find ItUITests";
			productReference = 8D10823F1E5CFF1A00F94393 /* Find ItUITests.xctest */;
			productType = "com.apple.product-type.bundle.ui-testing";
		};
/* End PBXNativeTarget section */

/* Begin PBXProject section */
		8D1082181E5CFF1A00F94393 /* Project object */ = {
			isa = PBXProject;
			attributes = {
				LastSwiftUpdateCheck = 0820;
				LastUpgradeCheck = 0820;
				ORGANIZATIONNAME = "Camden Developers";
				TargetAttributes = {
					8D10821F1E5CFF1A00F94393 = {
						CreatedOnToolsVersion = 8.2.1;
						DevelopmentTeam = KD674EGM5X;
						ProvisioningStyle = Automatic;
					};
					8D1082331E5CFF1A00F94393 = {
						CreatedOnToolsVersion = 8.2.1;
						DevelopmentTeam = KD674EGM5X;
						ProvisioningStyle = Automatic;
						TestTargetID = 8D10821F1E5CFF1A00F94393;
					};
					8D10823E1E5CFF1A00F94393 = {
						CreatedOnToolsVersion = 8.2.1;
						DevelopmentTeam = KD674EGM5X;
						ProvisioningStyle = Automatic;
						TestTargetID = 8D10821F1E5CFF1A00F94393;
					};
				};
			};
			buildConfigurationList = 8D10821B1E5CFF1A00F94393 /* Build configuration list for PBXProject "Find It" */;
			compatibilityVersion = "Xcode 3.2";
			developmentRegion = English;
			hasScannedForEncodings = 0;
			knownRegions = (
				en,
				Base,
			);
			mainGroup = 8D1082171E5CFF1A00F94393;
			productRefGroup = 8D1082211E5CFF1A00F94393 /* Products */;
			projectDirPath = "";
			projectRoot = "";
			targets = (
				8D10821F1E5CFF1A00F94393 /* Find It */,
				8D1082331E5CFF1A00F94393 /* Find ItTests */,
				8D10823E1E5CFF1A00F94393 /* Find ItUITests */,
			);
		};
/* End PBXProject section */

/* Begin PBXResourcesBuildPhase section */
		8D10821E1E5CFF1A00F94393 /* Resources */ = {
			isa = PBXResourcesBuildPhase;
			buildActionMask = 2147483647;
			files = (
				8D10822E1E5CFF1A00F94393 /* LaunchScreen.storyboard in Resources */,
				8D6477C31E6F9B9A00341FD4 /* GoogleService-Info.plist in Resources */,
				8D10822B1E5CFF1A00F94393 /* Assets.xcassets in Resources */,
				8D1082291E5CFF1A00F94393 /* Main.storyboard in Resources */,
			);
			runOnlyForDeploymentPostprocessing = 0;
		};
		8D1082321E5CFF1A00F94393 /* Resources */ = {
			isa = PBXResourcesBuildPhase;
			buildActionMask = 2147483647;
			files = (
			);
			runOnlyForDeploymentPostprocessing = 0;
		};
		8D10823D1E5CFF1A00F94393 /* Resources */ = {
			isa = PBXResourcesBuildPhase;
			buildActionMask = 2147483647;
			files = (
			);
			runOnlyForDeploymentPostprocessing = 0;
		};
/* End PBXResourcesBuildPhase section */

/* Begin PBXShellScriptBuildPhase section */
		109A6D958A79D9983DF105B6 /* [CP] Embed Pods Frameworks */ = {
			isa = PBXShellScriptBuildPhase;
			buildActionMask = 2147483647;
			files = (
			);
			inputPaths = (
			);
			name = "[CP] Embed Pods Frameworks";
			outputPaths = (
			);
			runOnlyForDeploymentPostprocessing = 0;
			shellPath = /bin/sh;
			shellScript = "\"${SRCROOT}/Pods/Target Support Files/Pods-Find ItTests/Pods-Find ItTests-frameworks.sh\"\n";
			showEnvVarsInLog = 0;
		};
		42BB1AB1909FE12C64E5AF97 /* [CP] Check Pods Manifest.lock */ = {
			isa = PBXShellScriptBuildPhase;
			buildActionMask = 2147483647;
			files = (
			);
			inputPaths = (
			);
			name = "[CP] Check Pods Manifest.lock";
			outputPaths = (
			);
			runOnlyForDeploymentPostprocessing = 0;
			shellPath = /bin/sh;
			shellScript = "diff \"${PODS_ROOT}/../Podfile.lock\" \"${PODS_ROOT}/Manifest.lock\" > /dev/null\nif [ $? != 0 ] ; then\n    # print error to STDERR\n    echo \"error: The sandbox is not in sync with the Podfile.lock. Run 'pod install' or update your CocoaPods installation.\" >&2\n    exit 1\nfi\n";
			showEnvVarsInLog = 0;
		};
		4431FC88806B4652AE5EA88C /* [CP] Embed Pods Frameworks */ = {
			isa = PBXShellScriptBuildPhase;
			buildActionMask = 2147483647;
			files = (
			);
			inputPaths = (
			);
			name = "[CP] Embed Pods Frameworks";
			outputPaths = (
			);
			runOnlyForDeploymentPostprocessing = 0;
			shellPath = /bin/sh;
			shellScript = "\"${SRCROOT}/Pods/Target Support Files/Pods-Find ItUITests/Pods-Find ItUITests-frameworks.sh\"\n";
			showEnvVarsInLog = 0;
		};
		A5C275AE34FE1A79E00B2A39 /* [CP] Copy Pods Resources */ = {
			isa = PBXShellScriptBuildPhase;
			buildActionMask = 2147483647;
			files = (
			);
			inputPaths = (
			);
			name = "[CP] Copy Pods Resources";
			outputPaths = (
			);
			runOnlyForDeploymentPostprocessing = 0;
			shellPath = /bin/sh;
			shellScript = "\"${SRCROOT}/Pods/Target Support Files/Pods-Find ItTests/Pods-Find ItTests-resources.sh\"\n";
			showEnvVarsInLog = 0;
		};
		AC1E30D338453FB2CC6376B1 /* [CP] Copy Pods Resources */ = {
			isa = PBXShellScriptBuildPhase;
			buildActionMask = 2147483647;
			files = (
			);
			inputPaths = (
			);
			name = "[CP] Copy Pods Resources";
			outputPaths = (
			);
			runOnlyForDeploymentPostprocessing = 0;
			shellPath = /bin/sh;
			shellScript = "\"${SRCROOT}/Pods/Target Support Files/Pods-Find It/Pods-Find It-resources.sh\"\n";
			showEnvVarsInLog = 0;
		};
		B10942ABC43AC75212282E5A /* [CP] Embed Pods Frameworks */ = {
			isa = PBXShellScriptBuildPhase;
			buildActionMask = 2147483647;
			files = (
			);
			inputPaths = (
			);
			name = "[CP] Embed Pods Frameworks";
			outputPaths = (
			);
			runOnlyForDeploymentPostprocessing = 0;
			shellPath = /bin/sh;
			shellScript = "\"${SRCROOT}/Pods/Target Support Files/Pods-Find It/Pods-Find It-frameworks.sh\"\n";
			showEnvVarsInLog = 0;
		};
		BBEF59B39D4936A9D05C6842 /* [CP] Check Pods Manifest.lock */ = {
			isa = PBXShellScriptBuildPhase;
			buildActionMask = 2147483647;
			files = (
			);
			inputPaths = (
			);
			name = "[CP] Check Pods Manifest.lock";
			outputPaths = (
			);
			runOnlyForDeploymentPostprocessing = 0;
			shellPath = /bin/sh;
			shellScript = "diff \"${PODS_ROOT}/../Podfile.lock\" \"${PODS_ROOT}/Manifest.lock\" > /dev/null\nif [ $? != 0 ] ; then\n    # print error to STDERR\n    echo \"error: The sandbox is not in sync with the Podfile.lock. Run 'pod install' or update your CocoaPods installation.\" >&2\n    exit 1\nfi\n";
			showEnvVarsInLog = 0;
		};
		E95CF4FB4C7317222DC0B73B /* [CP] Copy Pods Resources */ = {
			isa = PBXShellScriptBuildPhase;
			buildActionMask = 2147483647;
			files = (
			);
			inputPaths = (
			);
			name = "[CP] Copy Pods Resources";
			outputPaths = (
			);
			runOnlyForDeploymentPostprocessing = 0;
			shellPath = /bin/sh;
			shellScript = "\"${SRCROOT}/Pods/Target Support Files/Pods-Find ItUITests/Pods-Find ItUITests-resources.sh\"\n";
			showEnvVarsInLog = 0;
		};
		FF143B249042EA0A0D012C02 /* [CP] Check Pods Manifest.lock */ = {
			isa = PBXShellScriptBuildPhase;
			buildActionMask = 2147483647;
			files = (
			);
			inputPaths = (
			);
			name = "[CP] Check Pods Manifest.lock";
			outputPaths = (
			);
			runOnlyForDeploymentPostprocessing = 0;
			shellPath = /bin/sh;
			shellScript = "diff \"${PODS_ROOT}/../Podfile.lock\" \"${PODS_ROOT}/Manifest.lock\" > /dev/null\nif [ $? != 0 ] ; then\n    # print error to STDERR\n    echo \"error: The sandbox is not in sync with the Podfile.lock. Run 'pod install' or update your CocoaPods installation.\" >&2\n    exit 1\nfi\n";
			showEnvVarsInLog = 0;
		};
/* End PBXShellScriptBuildPhase section */

/* Begin PBXSourcesBuildPhase section */
		8D10821C1E5CFF1A00F94393 /* Sources */ = {
			isa = PBXSourcesBuildPhase;
			buildActionMask = 2147483647;
			files = (
				8D75314B1E79B53B00984419 /* TagCustomTableViewCell.swift in Sources */,
				8D1082241E5CFF1A00F94393 /* AppDelegate.swift in Sources */,
				8D1082581E5D0A9100F94393 /* MyTagsViewController.swift in Sources */,
				8D6477BB1E6E4F3500341FD4 /* ConfirmAddTagViewController.swift in Sources */,
				8D10825A1E5D0AA100F94393 /* ReportsViewController.swift in Sources */,
				8D7531491E786B8200984419 /* AddressViewController.swift in Sources */,
				8D75314D1E7A3A3D00984419 /* TagDetailViewController.swift in Sources */,
				8D7531471E786B7700984419 /* BasicInformationViewController.swift in Sources */,
				8D1082561E5D0A8200F94393 /* AuthenticateViewController.swift in Sources */,
				8D6477B81E6E4F2A00341FD4 /* Utilities.swift in Sources */,
				8D6477B91E6E4F2A00341FD4 /* Constants.swift in Sources */,
				8D6477C11E6F861F00341FD4 /* DataService.swift in Sources */,
				8D861A151E5E751E00BCD646 /* TutorialViewController.swift in Sources */,
				8D1082541E5D0A7500F94393 /* MainViewController.swift in Sources */,
				8D6477B51E6E4F1800341FD4 /* AddTagViewController.swift in Sources */,
				8D6477AF1E6E4E3C00341FD4 /* SettingsViewController.swift in Sources */,
			);
			runOnlyForDeploymentPostprocessing = 0;
		};
		8D1082301E5CFF1A00F94393 /* Sources */ = {
			isa = PBXSourcesBuildPhase;
			buildActionMask = 2147483647;
			files = (
				8D1082391E5CFF1A00F94393 /* Find_ItTests.swift in Sources */,
			);
			runOnlyForDeploymentPostprocessing = 0;
		};
		8D10823B1E5CFF1A00F94393 /* Sources */ = {
			isa = PBXSourcesBuildPhase;
			buildActionMask = 2147483647;
			files = (
				8D1082441E5CFF1A00F94393 /* Find_ItUITests.swift in Sources */,
			);
			runOnlyForDeploymentPostprocessing = 0;
		};
/* End PBXSourcesBuildPhase section */

/* Begin PBXTargetDependency section */
		8D1082361E5CFF1A00F94393 /* PBXTargetDependency */ = {
			isa = PBXTargetDependency;
			target = 8D10821F1E5CFF1A00F94393 /* Find It */;
			targetProxy = 8D1082351E5CFF1A00F94393 /* PBXContainerItemProxy */;
		};
		8D1082411E5CFF1A00F94393 /* PBXTargetDependency */ = {
			isa = PBXTargetDependency;
			target = 8D10821F1E5CFF1A00F94393 /* Find It */;
			targetProxy = 8D1082401E5CFF1A00F94393 /* PBXContainerItemProxy */;
		};
/* End PBXTargetDependency section */

/* Begin PBXVariantGroup section */
		8D1082271E5CFF1A00F94393 /* Main.storyboard */ = {
			isa = PBXVariantGroup;
			children = (
				8D1082281E5CFF1A00F94393 /* Base */,
			);
			name = Main.storyboard;
			sourceTree = "<group>";
		};
		8D10822C1E5CFF1A00F94393 /* LaunchScreen.storyboard */ = {
			isa = PBXVariantGroup;
			children = (
				8D10822D1E5CFF1A00F94393 /* Base */,
			);
			name = LaunchScreen.storyboard;
			sourceTree = "<group>";
		};
/* End PBXVariantGroup section */

/* Begin XCBuildConfiguration section */
		8D1082461E5CFF1A00F94393 /* Debug */ = {
			isa = XCBuildConfiguration;
			buildSettings = {
				ALWAYS_SEARCH_USER_PATHS = NO;
				CLANG_ANALYZER_NONNULL = YES;
				CLANG_CXX_LANGUAGE_STANDARD = "gnu++0x";
				CLANG_CXX_LIBRARY = "libc++";
				CLANG_ENABLE_MODULES = YES;
				CLANG_ENABLE_OBJC_ARC = YES;
				CLANG_WARN_BOOL_CONVERSION = YES;
				CLANG_WARN_CONSTANT_CONVERSION = YES;
				CLANG_WARN_DIRECT_OBJC_ISA_USAGE = YES_ERROR;
				CLANG_WARN_DOCUMENTATION_COMMENTS = YES;
				CLANG_WARN_EMPTY_BODY = YES;
				CLANG_WARN_ENUM_CONVERSION = YES;
				CLANG_WARN_INFINITE_RECURSION = YES;
				CLANG_WARN_INT_CONVERSION = YES;
				CLANG_WARN_OBJC_ROOT_CLASS = YES_ERROR;
				CLANG_WARN_SUSPICIOUS_MOVE = YES;
				CLANG_WARN_UNREACHABLE_CODE = YES;
				CLANG_WARN__DUPLICATE_METHOD_MATCH = YES;
				"CODE_SIGN_IDENTITY[sdk=iphoneos*]" = "iPhone Developer";
				COPY_PHASE_STRIP = NO;
				DEBUG_INFORMATION_FORMAT = dwarf;
				ENABLE_STRICT_OBJC_MSGSEND = YES;
				ENABLE_TESTABILITY = YES;
				GCC_C_LANGUAGE_STANDARD = gnu99;
				GCC_DYNAMIC_NO_PIC = NO;
				GCC_NO_COMMON_BLOCKS = YES;
				GCC_OPTIMIZATION_LEVEL = 0;
				GCC_PREPROCESSOR_DEFINITIONS = (
					"DEBUG=1",
					"$(inherited)",
				);
				GCC_WARN_64_TO_32_BIT_CONVERSION = YES;
				GCC_WARN_ABOUT_RETURN_TYPE = YES_ERROR;
				GCC_WARN_UNDECLARED_SELECTOR = YES;
				GCC_WARN_UNINITIALIZED_AUTOS = YES_AGGRESSIVE;
				GCC_WARN_UNUSED_FUNCTION = YES;
				GCC_WARN_UNUSED_VARIABLE = YES;
				IPHONEOS_DEPLOYMENT_TARGET = 10.2;
				MTL_ENABLE_DEBUG_INFO = YES;
				ONLY_ACTIVE_ARCH = YES;
				SDKROOT = iphoneos;
				SWIFT_ACTIVE_COMPILATION_CONDITIONS = DEBUG;
				SWIFT_OPTIMIZATION_LEVEL = "-Onone";
			};
			name = Debug;
		};
		8D1082471E5CFF1A00F94393 /* Release */ = {
			isa = XCBuildConfiguration;
			buildSettings = {
				ALWAYS_SEARCH_USER_PATHS = NO;
				CLANG_ANALYZER_NONNULL = YES;
				CLANG_CXX_LANGUAGE_STANDARD = "gnu++0x";
				CLANG_CXX_LIBRARY = "libc++";
				CLANG_ENABLE_MODULES = YES;
				CLANG_ENABLE_OBJC_ARC = YES;
				CLANG_WARN_BOOL_CONVERSION = YES;
				CLANG_WARN_CONSTANT_CONVERSION = YES;
				CLANG_WARN_DIRECT_OBJC_ISA_USAGE = YES_ERROR;
				CLANG_WARN_DOCUMENTATION_COMMENTS = YES;
				CLANG_WARN_EMPTY_BODY = YES;
				CLANG_WARN_ENUM_CONVERSION = YES;
				CLANG_WARN_INFINITE_RECURSION = YES;
				CLANG_WARN_INT_CONVERSION = YES;
				CLANG_WARN_OBJC_ROOT_CLASS = YES_ERROR;
				CLANG_WARN_SUSPICIOUS_MOVE = YES;
				CLANG_WARN_UNREACHABLE_CODE = YES;
				CLANG_WARN__DUPLICATE_METHOD_MATCH = YES;
				"CODE_SIGN_IDENTITY[sdk=iphoneos*]" = "iPhone Developer";
				COPY_PHASE_STRIP = NO;
				DEBUG_INFORMATION_FORMAT = "dwarf-with-dsym";
				ENABLE_NS_ASSERTIONS = NO;
				ENABLE_STRICT_OBJC_MSGSEND = YES;
				GCC_C_LANGUAGE_STANDARD = gnu99;
				GCC_NO_COMMON_BLOCKS = YES;
				GCC_WARN_64_TO_32_BIT_CONVERSION = YES;
				GCC_WARN_ABOUT_RETURN_TYPE = YES_ERROR;
				GCC_WARN_UNDECLARED_SELECTOR = YES;
				GCC_WARN_UNINITIALIZED_AUTOS = YES_AGGRESSIVE;
				GCC_WARN_UNUSED_FUNCTION = YES;
				GCC_WARN_UNUSED_VARIABLE = YES;
				IPHONEOS_DEPLOYMENT_TARGET = 10.2;
				MTL_ENABLE_DEBUG_INFO = NO;
				SDKROOT = iphoneos;
				SWIFT_OPTIMIZATION_LEVEL = "-Owholemodule";
				VALIDATE_PRODUCT = YES;
			};
			name = Release;
		};
		8D1082491E5CFF1A00F94393 /* Debug */ = {
			isa = XCBuildConfiguration;
			baseConfigurationReference = 51BE6E3FB5F68DB2F86D5883 /* Pods-Find It.debug.xcconfig */;
			buildSettings = {
				ASSETCATALOG_COMPILER_APPICON_NAME = AppIcon;
				DEVELOPMENT_TEAM = KD674EGM5X;
				INFOPLIST_FILE = "Find It/Info.plist";
				LD_RUNPATH_SEARCH_PATHS = "$(inherited) @executable_path/Frameworks";
				PRODUCT_BUNDLE_IDENTIFIER = "com.camdevelopers.Find-It";
				PRODUCT_NAME = "$(TARGET_NAME)";
				SWIFT_VERSION = 3.0;
			};
			name = Debug;
		};
		8D10824A1E5CFF1A00F94393 /* Release */ = {
			isa = XCBuildConfiguration;
			baseConfigurationReference = 486F12CF1DC7ED294519D454 /* Pods-Find It.release.xcconfig */;
			buildSettings = {
				ASSETCATALOG_COMPILER_APPICON_NAME = AppIcon;
				DEVELOPMENT_TEAM = KD674EGM5X;
				INFOPLIST_FILE = "Find It/Info.plist";
				LD_RUNPATH_SEARCH_PATHS = "$(inherited) @executable_path/Frameworks";
				PRODUCT_BUNDLE_IDENTIFIER = "com.camdevelopers.Find-It";
				PRODUCT_NAME = "$(TARGET_NAME)";
				SWIFT_VERSION = 3.0;
			};
			name = Release;
		};
		8D10824C1E5CFF1A00F94393 /* Debug */ = {
			isa = XCBuildConfiguration;
			baseConfigurationReference = 8F1EA53A4AF68DE579A2E82E /* Pods-Find ItTests.debug.xcconfig */;
			buildSettings = {
				ALWAYS_EMBED_SWIFT_STANDARD_LIBRARIES = YES;
				BUNDLE_LOADER = "$(TEST_HOST)";
				DEVELOPMENT_TEAM = KD674EGM5X;
				INFOPLIST_FILE = "Find ItTests/Info.plist";
				LD_RUNPATH_SEARCH_PATHS = "$(inherited) @executable_path/Frameworks @loader_path/Frameworks";
				PRODUCT_BUNDLE_IDENTIFIER = "com.camdevelopers.Find-ItTests";
				PRODUCT_NAME = "$(TARGET_NAME)";
				SWIFT_VERSION = 3.0;
				TEST_HOST = "$(BUILT_PRODUCTS_DIR)/Find It.app/Find It";
			};
			name = Debug;
		};
		8D10824D1E5CFF1A00F94393 /* Release */ = {
			isa = XCBuildConfiguration;
			baseConfigurationReference = 477F1381E68087DFACEBDACB /* Pods-Find ItTests.release.xcconfig */;
			buildSettings = {
				ALWAYS_EMBED_SWIFT_STANDARD_LIBRARIES = YES;
				BUNDLE_LOADER = "$(TEST_HOST)";
				DEVELOPMENT_TEAM = KD674EGM5X;
				INFOPLIST_FILE = "Find ItTests/Info.plist";
				LD_RUNPATH_SEARCH_PATHS = "$(inherited) @executable_path/Frameworks @loader_path/Frameworks";
				PRODUCT_BUNDLE_IDENTIFIER = "com.camdevelopers.Find-ItTests";
				PRODUCT_NAME = "$(TARGET_NAME)";
				SWIFT_VERSION = 3.0;
				TEST_HOST = "$(BUILT_PRODUCTS_DIR)/Find It.app/Find It";
			};
			name = Release;
		};
		8D10824F1E5CFF1A00F94393 /* Debug */ = {
			isa = XCBuildConfiguration;
			baseConfigurationReference = F56F3BC00BF2E01FE078DBF1 /* Pods-Find ItUITests.debug.xcconfig */;
			buildSettings = {
				ALWAYS_EMBED_SWIFT_STANDARD_LIBRARIES = YES;
				DEVELOPMENT_TEAM = KD674EGM5X;
				INFOPLIST_FILE = "Find ItUITests/Info.plist";
				LD_RUNPATH_SEARCH_PATHS = "$(inherited) @executable_path/Frameworks @loader_path/Frameworks";
				PRODUCT_BUNDLE_IDENTIFIER = "com.camdevelopers.Find-ItUITests";
				PRODUCT_NAME = "$(TARGET_NAME)";
				SWIFT_VERSION = 3.0;
				TEST_TARGET_NAME = "Find It";
			};
			name = Debug;
		};
		8D1082501E5CFF1A00F94393 /* Release */ = {
			isa = XCBuildConfiguration;
			baseConfigurationReference = 08D8FC28D01B680E7FF1DA32 /* Pods-Find ItUITests.release.xcconfig */;
			buildSettings = {
				ALWAYS_EMBED_SWIFT_STANDARD_LIBRARIES = YES;
				DEVELOPMENT_TEAM = KD674EGM5X;
				INFOPLIST_FILE = "Find ItUITests/Info.plist";
				LD_RUNPATH_SEARCH_PATHS = "$(inherited) @executable_path/Frameworks @loader_path/Frameworks";
				PRODUCT_BUNDLE_IDENTIFIER = "com.camdevelopers.Find-ItUITests";
				PRODUCT_NAME = "$(TARGET_NAME)";
				SWIFT_VERSION = 3.0;
				TEST_TARGET_NAME = "Find It";
			};
			name = Release;
		};
/* End XCBuildConfiguration section */

/* Begin XCConfigurationList section */
		8D10821B1E5CFF1A00F94393 /* Build configuration list for PBXProject "Find It" */ = {
			isa = XCConfigurationList;
			buildConfigurations = (
				8D1082461E5CFF1A00F94393 /* Debug */,
				8D1082471E5CFF1A00F94393 /* Release */,
			);
			defaultConfigurationIsVisible = 0;
			defaultConfigurationName = Release;
		};
		8D1082481E5CFF1A00F94393 /* Build configuration list for PBXNativeTarget "Find It" */ = {
			isa = XCConfigurationList;
			buildConfigurations = (
				8D1082491E5CFF1A00F94393 /* Debug */,
				8D10824A1E5CFF1A00F94393 /* Release */,
			);
			defaultConfigurationIsVisible = 0;
			defaultConfigurationName = Release;
		};
		8D10824B1E5CFF1A00F94393 /* Build configuration list for PBXNativeTarget "Find ItTests" */ = {
			isa = XCConfigurationList;
			buildConfigurations = (
				8D10824C1E5CFF1A00F94393 /* Debug */,
				8D10824D1E5CFF1A00F94393 /* Release */,
			);
			defaultConfigurationIsVisible = 0;
			defaultConfigurationName = Release;
		};
		8D10824E1E5CFF1A00F94393 /* Build configuration list for PBXNativeTarget "Find ItUITests" */ = {
			isa = XCConfigurationList;
			buildConfigurations = (
				8D10824F1E5CFF1A00F94393 /* Debug */,
				8D1082501E5CFF1A00F94393 /* Release */,
			);
			defaultConfigurationIsVisible = 0;
			defaultConfigurationName = Release;
		};
/* End XCConfigurationList section */
	};
	rootObject = 8D1082181E5CFF1A00F94393 /* Project object */;
}
